
Microsoft Visual Studio Solution File, Format Version 12.00
# Visual Studio 15
VisualStudioVersion = 15.0.27703.2035
MinimumVisualStudioVersion = 10.0.40219.1
Project("{8BC9CEB8-8B4A-11D0-8D11-00A0C91BC942}") = "MQTT-Relay", "MQTT-Relay\MQTT-Relay.vcxproj", "{D41A8968-13AE-496E-96E1-7A6B955B85AD}"
EndProject
Project("{9A19103F-16F7-4668-BE54-9A1E7A4F7556}") = "WebAdmin", "WebAdmin\WebAdmin.csproj", "{18464641-3FC0-4B8E-9C3D-683FA894E772}"
EndProject
Project("{2150E333-8FDC-42A3-9474-1A3956D46DE8}") = "readme", "readme", "{DAAED7AD-BB85-4BC2-ACE1-882F11E5AE4E}"
	ProjectSection(SolutionItems) = preProject
		README.md = README.md
	EndProjectSection
EndProject
Project("{8BC9CEB8-8B4A-11D0-8D11-00A0C91BC942}") = "Firmware-V1", "Firmware\Firmware-V1.vcxproj", "{92341E92-99E0-436F-BE27-7CD61BA2173E}"
EndProject
Global
	GlobalSection(SolutionConfigurationPlatforms) = preSolution
		Debug|Any CPU = Debug|Any CPU
		Debug|x86 = Debug|x86
		Release|Any CPU = Release|Any CPU
		Release|x86 = Release|x86
	EndGlobalSection
	GlobalSection(ProjectConfigurationPlatforms) = postSolution
		{D41A8968-13AE-496E-96E1-7A6B955B85AD}.Debug|Any CPU.ActiveCfg = Debug|Win32
		{D41A8968-13AE-496E-96E1-7A6B955B85AD}.Debug|x86.ActiveCfg = Release|Win32
		{D41A8968-13AE-496E-96E1-7A6B955B85AD}.Debug|x86.Build.0 = Release|Win32
		{D41A8968-13AE-496E-96E1-7A6B955B85AD}.Release|Any CPU.ActiveCfg = Release|Win32
		{D41A8968-13AE-496E-96E1-7A6B955B85AD}.Release|x86.ActiveCfg = Release|Win32
		{D41A8968-13AE-496E-96E1-7A6B955B85AD}.Release|x86.Build.0 = Release|Win32
		{18464641-3FC0-4B8E-9C3D-683FA894E772}.Debug|Any CPU.ActiveCfg = Debug|Any CPU
		{18464641-3FC0-4B8E-9C3D-683FA894E772}.Debug|Any CPU.Build.0 = Debug|Any CPU
		{18464641-3FC0-4B8E-9C3D-683FA894E772}.Debug|x86.ActiveCfg = Debug|Any CPU
		{18464641-3FC0-4B8E-9C3D-683FA894E772}.Debug|x86.Build.0 = Debug|Any CPU
		{18464641-3FC0-4B8E-9C3D-683FA894E772}.Release|Any CPU.ActiveCfg = Release|Any CPU
		{18464641-3FC0-4B8E-9C3D-683FA894E772}.Release|Any CPU.Build.0 = Release|Any CPU
		{18464641-3FC0-4B8E-9C3D-683FA894E772}.Release|x86.ActiveCfg = Release|Any CPU
		{18464641-3FC0-4B8E-9C3D-683FA894E772}.Release|x86.Build.0 = Release|Any CPU
		{92341E92-99E0-436F-BE27-7CD61BA2173E}.Debug|Any CPU.ActiveCfg = Debug|Win32
		{92341E92-99E0-436F-BE27-7CD61BA2173E}.Debug|x86.ActiveCfg = Debug|Win32
		{92341E92-99E0-436F-BE27-7CD61BA2173E}.Debug|x86.Build.0 = Debug|Win32
		{92341E92-99E0-436F-BE27-7CD61BA2173E}.Release|Any CPU.ActiveCfg = Release|Win32
		{92341E92-99E0-436F-BE27-7CD61BA2173E}.Release|x86.ActiveCfg = Release|Win32
		{92341E92-99E0-436F-BE27-7CD61BA2173E}.Release|x86.Build.0 = Release|Win32
	EndGlobalSection
	GlobalSection(SolutionProperties) = preSolution
		HideSolutionNode = FALSE
	EndGlobalSection
	GlobalSection(ExtensibilityGlobals) = postSolution
		SolutionGuid = {A7826B54-B0F3-42B5-98FA-8A72F3E269F2}
	EndGlobalSection
EndGlobal
