<?xml version="1.0" encoding="utf-8"?>
<Project ToolsVersion="4.0" xmlns="http://schemas.microsoft.com/developer/msbuild/2003">
  <ItemGroup>
    <Filter Include="Source Files">
      <UniqueIdentifier>{4FC737F1-C7A5-4376-A066-2A32D752A2FF}</UniqueIdentifier>
      <Extensions>cpp;c;cc;cxx;def;odl;idl;hpj;bat;asm;asmx</Extensions>
    </Filter>
    <Filter Include="Header Files">
      <UniqueIdentifier>{93995380-89BD-4b04-88EB-625FBE52EBFB}</UniqueIdentifier>
      <Extensions>h;hh;hpp;hxx;hm;inl;inc;xsd</Extensions>
    </Filter>
    <Filter Include="Resource Files">
      <UniqueIdentifier>{67DA6AB6-F800-4c08-8B7A-83BB121AAD01}</UniqueIdentifier>
      <Extensions>rc;ico;cur;bmp;dlg;rc2;rct;bin;rgs;gif;jpg;jpeg;jpe;resx;tiff;tif;png;wav;mfcribbon-ms</Extensions>
    </Filter>
  </ItemGroup>
  <ItemGroup>
    <None Include="MQTT-Relay.ino" />
    <None Include="data\index.html" />
    <None Include="data\html\index.html" />
    <None Include="data\html\js\bootstrap.bundle.min.js" />
    <None Include="data\html\js\jquery.js" />
    <None Include="data\html\css\bootstrap.css" />
    <None Include="data\html\css\jquery.js" />
    <None Include="data\html\css\bootstrap.js" />
    <None Include="data\html\css\style.css" />
    <None Include="data\html\help.html" />
    <None Include="data\html\wifi.html" />
    <None Include="data\html\css\relay.ts" />
    <None Include="data\mqtt.json" />
    <None Include="data\html\css\clockpicker.css" />
    <None Include="data\html\js\bootstrap.min.js" />
    <None Include="data\html\js\clockpicker.js" />
    <None Include="data\html\js\jquery.min.js" />
    <None Include="data\html\js\relay.js" />
    <None Include="data\html\js\relay.js.map" />
    <None Include="data\html\js\relay.ts" />
    <None Include="data\html\js\tsconfig.json" />
    <None Include="data\wifi.json" />
    <None Include="data\html\content\_edittrigger.html" />
    <None Include="data\html\content\_switch.html" />
    <None Include="data\html\content\_trigger.html" />
    <None Include="data\html\content\idea.svg" />
  </ItemGroup>
  <ItemGroup>
    <ClInclude Include="__vm\.MQTT-Relay.vsarduino.h">
      <Filter>Header Files</Filter>
    </ClInclude>
    <ClInclude Include="WebPortal.h">
      <Filter>Header Files</Filter>
    </ClInclude>
    <ClInclude Include="MQTTswitch.h">
      <Filter>Header Files</Filter>
    </ClInclude>
    <ClInclude Include="MQTTconnection.h">
      <Filter>Header Files</Filter>
    </ClInclude>
    <ClInclude Include="MQTTprocess.h">
      <Filter>Header Files</Filter>
    </ClInclude>
    <ClInclude Include="Json.h">
      <Filter>Header Files</Filter>
    </ClInclude>
    <ClInclude Include="NTPreciver.h">
      <Filter>Header Files</Filter>
    </ClInclude>
  </ItemGroup>
  <ItemGroup>
    <ClCompile Include="WebPortal.cpp">
      <Filter>Source Files</Filter>
    </ClCompile>
    <ClCompile Include="MQTTswitch.cpp">
      <Filter>Source Files</Filter>
    </ClCompile>
    <ClCompile Include="MQTTconnection.cpp">
      <Filter>Source Files</Filter>
    </ClCompile>
    <ClCompile Include="MQTTprocess.cpp">
      <Filter>Source Files</Filter>
    </ClCompile>
    <ClCompile Include="Json.cpp">
      <Filter>Source Files</Filter>
    </ClCompile>
    <ClCompile Include="NTPreciver.cpp">
      <Filter>Source Files</Filter>
    </ClCompile>
  </ItemGroup>
  <ItemGroup>
    <Text Include="data\html\files.txt" />
  </ItemGroup>
  <ItemGroup>
    <Image Include="data\html\favicon.ico">
      <Filter>Resource Files</Filter>
    </Image>
  </ItemGroup>
</Project>