<?xml version="1.0" encoding="utf-8"?>
<Project ToolsVersion="4.0" xmlns="http://schemas.microsoft.com/developer/msbuild/2003">
  <ItemGroup>
    <Filter Include="Source Files">
      <UniqueIdentifier>{4FC737F1-C7A5-4376-A066-2A32D752A2FF}</UniqueIdentifier>
      <Extensions>cpp;c;cc;cxx;def;odl;idl;hpj;bat;asm;asmx</Extensions>
    </Filter>
    <Filter Include="Header Files">
      <UniqueIdentifier>{93995380-89BD-4b04-88EB-625FBE52EBFB}</UniqueIdentifier>
      <Extensions>h;hh;hpp;hxx;hm;inl;inc;xsd</Extensions>
    </Filter>
    <Filter Include="Resource Files">
      <UniqueIdentifier>{67DA6AB6-F800-4c08-8B7A-83BB121AAD01}</UniqueIdentifier>
      <Extensions>rc;ico;cur;bmp;dlg;rc2;rct;bin;rgs;gif;jpg;jpeg;jpe;resx;tiff;tif;png;wav;mfcribbon-ms</Extensions>
    </Filter>
  </ItemGroup>
  <ItemGroup>
    <None Include="MQTT-Relay.ino" />
    <None Include="data\index.html" />
    <None Include="data\html\js\bootstrap.bundle.min.js" />
    <None Include="data\html\js\jquery.js" />
    <None Include="data\html\css\jquery.js" />
    <None Include="data\html\css\bootstrap.js" />
    <None Include="data\html\css\relay.ts" />
    <None Include="data\html\js\bootstrap.min.js" />
    <None Include="data\html\js\jquery.min.js" />
    <None Include="data\wifi.json" />
    <None Include="data\config\out1\01onoff.json" />
    <None Include="data\config\out1\06onoff.json" />
    <None Include="data\config\out1\07onoff.json" />
    <None Include="data\config\out1\04onoff.json" />
    <None Include="Release 2019-01-18\MQTT-Relay.ino.spiffs.bin">
      <Filter>Resource Files</Filter>
    </None>
    <None Include="Release 2019-01-18\MQTT-Relay.ino.bin">
      <Filter>Resource Files</Filter>
    </None>
    <None Include="data\html\help.min.html" />
    <None Include="data\html\index.min.html" />
    <None Include="data\html\wifi.min.html" />
    <None Include="data\html\css\bootstrap.min.css" />
    <None Include="data\html\css\clockpicker.min.css" />
    <None Include="data\html\css\style.min.css" />
    <None Include="data\html\js\clockpicker.min.js" />
    <None Include="data\html\js\relay.min.js" />
    <None Include="data\firmware.bin">
      <Filter>Resource Files</Filter>
    </None>
    <None Include="data\html\v\_newitem.min.html" />
    <None Include="data\html\v\_onoff.min.html" />
    <None Include="data\html\v\_onoffedit.min.html" />
    <None Include="data\html\v\_pwm.min.html" />
    <None Include="data\html\v\_switch.min.html" />
    <None Include="data\html\v\_termo.min.html" />
    <None Include="data\html\v\_termoedit.min.html" />
    <None Include="data\html\v\_tsens.min.html" />
    <None Include="data\html\v\_wifi.min.html" />
    <None Include="data\html\v\idea.svg" />
    <None Include="data\html\v\t.svg" />
    <None Include="data\html\v\_menuitem.min.html" />
    <None Include="data\html\update.min.html" />
    <None Include="mqtt.json" />
    <None Include="data\html\v\_hsens.min.html" />
    <None Include="data\html\v\_pwmedit.min.html" />
    <None Include="data\html\v\_vent.min.html" />
    <None Include="data\html\v\_ventedit.min.html" />
    <None Include="data\config\led\08vent.json" />
    <None Include="data\config\out2\03termo.json" />
    <None Include="data\html\v\h.svg" />
  </ItemGroup>
  <ItemGroup>
    <ClInclude Include="__vm\.MQTT-Relay.vsarduino.h">
      <Filter>Header Files</Filter>
    </ClInclude>
    <ClInclude Include="WebPortal.h">
      <Filter>Header Files</Filter>
    </ClInclude>
    <ClInclude Include="MQTTswitch.h">
      <Filter>Header Files</Filter>
    </ClInclude>
    <ClInclude Include="MQTTconnection.h">
      <Filter>Header Files</Filter>
    </ClInclude>
    <ClInclude Include="MQTTprocess.h">
      <Filter>Header Files</Filter>
    </ClInclude>
    <ClInclude Include="Json.h">
      <Filter>Header Files</Filter>
    </ClInclude>
    <ClInclude Include="NTPreciver.h">
      <Filter>Header Files</Filter>
    </ClInclude>
    <ClInclude Include="ApiController.h">
      <Filter>Header Files</Filter>
    </ClInclude>
    <ClInclude Include="resource.h">
      <Filter>Header Files</Filter>
    </ClInclude>
    <ClInclude Include="Trigger.h">
      <Filter>Header Files</Filter>
    </ClInclude>
    <ClInclude Include="Utils.h">
      <Filter>Header Files</Filter>
    </ClInclude>
    <ClInclude Include="Sensor.h">
      <Filter>Header Files</Filter>
    </ClInclude>
    <ClInclude Include="Variable.h">
      <Filter>Header Files</Filter>
    </ClInclude>
    <ClInclude Include="MQTTSensor.h">
      <Filter>Header Files</Filter>
    </ClInclude>
    <ClInclude Include="SerialController.h">
      <Filter>Header Files</Filter>
    </ClInclude>
    <ClInclude Include="Blinker.h">
      <Filter>Header Files</Filter>
    </ClInclude>
    <ClInclude Include="DHT_Async.h">
      <Filter>Header Files</Filter>
    </ClInclude>
  </ItemGroup>
  <ItemGroup>
    <ClCompile Include="WebPortal.cpp">
      <Filter>Source Files</Filter>
    </ClCompile>
    <ClCompile Include="MQTTswitch.cpp">
      <Filter>Source Files</Filter>
    </ClCompile>
    <ClCompile Include="MQTTconnection.cpp">
      <Filter>Source Files</Filter>
    </ClCompile>
    <ClCompile Include="MQTTprocess.cpp">
      <Filter>Source Files</Filter>
    </ClCompile>
    <ClCompile Include="Json.cpp">
      <Filter>Source Files</Filter>
    </ClCompile>
    <ClCompile Include="NTPreciver.cpp">
      <Filter>Source Files</Filter>
    </ClCompile>
    <ClCompile Include="ApiController.cpp">
      <Filter>Source Files</Filter>
    </ClCompile>
    <ClCompile Include="Trigger.cpp">
      <Filter>Source Files</Filter>
    </ClCompile>
    <ClCompile Include="Utils.cpp">
      <Filter>Source Files</Filter>
    </ClCompile>
    <ClCompile Include="Sensor.cpp">
      <Filter>Source Files</Filter>
    </ClCompile>
    <ClCompile Include="Variable.cpp">
      <Filter>Source Files</Filter>
    </ClCompile>
    <ClCompile Include="MQTTSensor.cpp">
      <Filter>Source Files</Filter>
    </ClCompile>
    <ClCompile Include="SerialController.cpp">
      <Filter>Source Files</Filter>
    </ClCompile>
    <ClCompile Include="Blinker.cpp">
      <Filter>Source Files</Filter>
    </ClCompile>
    <ClCompile Include="DHT_Async.cpp">
      <Filter>Source Files</Filter>
    </ClCompile>
  </ItemGroup>
  <ItemGroup>
    <Text Include="data\html\files.txt" />
  </ItemGroup>
  <ItemGroup>
    <Image Include="data\html\favicon.ico">
      <Filter>Resource Files</Filter>
    </Image>
  </ItemGroup>
  <ItemGroup>
    <ResourceCompile Include="MQTT-Relay.rc">
      <Filter>Resource Files</Filter>
    </ResourceCompile>
  </ItemGroup>
</Project>