<?xml version="1.0" encoding="utf-8"?>
<Project ToolsVersion="4.0" xmlns="http://schemas.microsoft.com/developer/msbuild/2003">
  <ItemGroup>
    <Filter Include="Source Files">
      <UniqueIdentifier>{4FC737F1-C7A5-4376-A066-2A32D752A2FF}</UniqueIdentifier>
      <Extensions>cpp;c;cc;cxx;def;odl;idl;hpj;bat;asm;asmx</Extensions>
    </Filter>
    <Filter Include="Header Files">
      <UniqueIdentifier>{93995380-89BD-4b04-88EB-625FBE52EBFB}</UniqueIdentifier>
      <Extensions>h;hh;hpp;hxx;hm;inl;inc;xsd</Extensions>
    </Filter>
    <Filter Include="Resource Files">
      <UniqueIdentifier>{67DA6AB6-F800-4c08-8B7A-83BB121AAD01}</UniqueIdentifier>
      <Extensions>rc;ico;cur;bmp;dlg;rc2;rct;bin;rgs;gif;jpg;jpeg;jpe;resx;tiff;tif;png;wav;mfcribbon-ms</Extensions>
    </Filter>
  </ItemGroup>
  <ItemGroup>
    <None Include="Firmware-V1.ino" />
    <None Include="data\cfg\mqtt.json" />
    <None Include="data\cfg\wifi.json" />
    <None Include="data\cfg\out1\start.json" />
    <None Include="data\cfg\out2\start.json" />
    <None Include="data\cfg\out3\start.json" />
    <None Include="data\cfg\led\start.json" />
    <None Include="data\cfg\ntp.json" />
    <None Include="data\html\v\_hsens.min.html" />
    <None Include="data\html\v\_menuitem.min.html" />
    <None Include="data\html\v\_newitem.min.html" />
    <None Include="data\html\v\_onoff.min.html" />
    <None Include="data\html\v\_onoffedit.min.html" />
    <None Include="data\html\v\_pwm.min.html" />
    <None Include="data\html\v\_pwmedit.min.html" />
    <None Include="data\html\v\_switch.min.html" />
    <None Include="data\html\v\_termo.min.html" />
    <None Include="data\html\v\_termoedit.min.html" />
    <None Include="data\html\v\_timeout.min.html" />
    <None Include="data\html\v\_timeoutedit.min.html" />
    <None Include="data\html\v\_tsens.min.html" />
    <None Include="data\html\v\_vent.min.html" />
    <None Include="data\html\v\_ventedit.min.html" />
    <None Include="data\html\v\_wifi.min.html" />
    <None Include="data\html\help.min.html" />
    <None Include="data\html\index.min.html" />
    <None Include="data\html\update.min.html" />
    <None Include="data\html\wifi.min.html" />
    <None Include="data\html\v\h.svg" />
    <None Include="data\html\v\idea.svg" />
    <None Include="data\html\v\t.svg" />
    <None Include="data\html\js\bootstrap.min.js" />
    <None Include="data\html\js\clockpicker.min.js" />
    <None Include="data\html\js\jquery.min.js" />
    <None Include="data\html\js\relay.min.js" />
    <None Include="data\html\css\style.min.css" />
    <None Include="data\html\css\bootstrap.min.css" />
    <None Include="data\html\css\clockpicker.min.css" />
    <None Include="data\cfg\hardware.json" />
    <None Include="data\html\v\_login.min.html" />
  </ItemGroup>
  <ItemGroup>
    <ClInclude Include="__vm\.Firmware-V1.vsarduino.h">
      <Filter>Header Files</Filter>
    </ClInclude>
    <ClInclude Include="definitions.h">
      <Filter>Header Files</Filter>
    </ClInclude>
    <ClInclude Include="Json.h">
      <Filter>Header Files</Filter>
    </ClInclude>
    <ClInclude Include="Collection.h">
      <Filter>Header Files</Filter>
    </ClInclude>
    <ClInclude Include="Output.h">
      <Filter>Header Files</Filter>
    </ClInclude>
    <ClInclude Include="NTPreciver.h">
      <Filter>Header Files</Filter>
    </ClInclude>
    <ClInclude Include="TimeZone.h">
      <Filter>Header Files</Filter>
    </ClInclude>
    <ClInclude Include="WiFiController.h">
      <Filter>Header Files</Filter>
    </ClInclude>
    <ClInclude Include="MQTTController.h">
      <Filter>Header Files</Filter>
    </ClInclude>
    <ClInclude Include="MQTTProcess.h">
      <Filter>Header Files</Filter>
    </ClInclude>
    <ClInclude Include="MQTTSwitch.h">
      <Filter>Header Files</Filter>
    </ClInclude>
    <ClInclude Include="Trigger.h">
      <Filter>Header Files</Filter>
    </ClInclude>
    <ClInclude Include="Variable.h">
      <Filter>Header Files</Filter>
    </ClInclude>
    <ClInclude Include="DHT_Async.h">
      <Filter>Header Files</Filter>
    </ClInclude>
    <ClInclude Include="WebUIController.h">
      <Filter>Header Files</Filter>
    </ClInclude>
    <ClInclude Include="UpdateController.h">
      <Filter>Header Files</Filter>
    </ClInclude>
    <ClInclude Include="Utils.h">
      <Filter>Header Files</Filter>
    </ClInclude>
    <ClInclude Include="ApiController.h">
      <Filter>Header Files</Filter>
    </ClInclude>
    <ClInclude Include="MQTTSensor.h">
      <Filter>Header Files</Filter>
    </ClInclude>
    <ClInclude Include="Sensor.h">
      <Filter>Header Files</Filter>
    </ClInclude>
    <ClInclude Include="Button.h">
      <Filter>Header Files</Filter>
    </ClInclude>
    <ClInclude Include="Hardware.h">
      <Filter>Header Files</Filter>
    </ClInclude>
  </ItemGroup>
  <ItemGroup>
    <ClCompile Include="Json.cpp">
      <Filter>Source Files</Filter>
    </ClCompile>
    <ClCompile Include="Collection.cpp">
      <Filter>Source Files</Filter>
    </ClCompile>
    <ClCompile Include="Output.cpp">
      <Filter>Source Files</Filter>
    </ClCompile>
    <ClCompile Include="NTPreciver.cpp">
      <Filter>Source Files</Filter>
    </ClCompile>
    <ClCompile Include="TimeZone.cpp">
      <Filter>Source Files</Filter>
    </ClCompile>
    <ClCompile Include="WiFiController.cpp">
      <Filter>Source Files</Filter>
    </ClCompile>
    <ClCompile Include="MQTTController.cpp">
      <Filter>Source Files</Filter>
    </ClCompile>
    <ClCompile Include="MQTTProcess.cpp">
      <Filter>Source Files</Filter>
    </ClCompile>
    <ClCompile Include="MQTTSwitch.cpp">
      <Filter>Source Files</Filter>
    </ClCompile>
    <ClCompile Include="Trigger.cpp">
      <Filter>Source Files</Filter>
    </ClCompile>
    <ClCompile Include="Variable.cpp">
      <Filter>Source Files</Filter>
    </ClCompile>
    <ClCompile Include="DHT_Async.cpp">
      <Filter>Source Files</Filter>
    </ClCompile>
    <ClCompile Include="WebUIController.cpp">
      <Filter>Source Files</Filter>
    </ClCompile>
    <ClCompile Include="UpdateController.cpp">
      <Filter>Source Files</Filter>
    </ClCompile>
    <ClCompile Include="Utils.cpp">
      <Filter>Source Files</Filter>
    </ClCompile>
    <ClCompile Include="ApiController.cpp">
      <Filter>Source Files</Filter>
    </ClCompile>
    <ClCompile Include="MQTTSensor.cpp">
      <Filter>Source Files</Filter>
    </ClCompile>
    <ClCompile Include="Sensor.cpp">
      <Filter>Source Files</Filter>
    </ClCompile>
    <ClCompile Include="Button.cpp">
      <Filter>Source Files</Filter>
    </ClCompile>
    <ClCompile Include="Hardware.cpp">
      <Filter>Source Files</Filter>
    </ClCompile>
  </ItemGroup>
</Project>